
Microsoft Visual Studio Solution File, Format Version 12.00
# Visual Studio 15
VisualStudioVersion = 15.0.27729.1
MinimumVisualStudioVersion = 10.0.40219.1
Project("{FAE04EC0-301F-11D3-BF4B-00C04F79EFBC}") = "ScaffoldIdentityTest", "ScaffoldIdentityTest\ScaffoldIdentityTest.csproj", "{597A1774-A1D9-405A-82E8-8E81A1C71CD8}"
EndProject
Global
	GlobalSection(SolutionConfigurationPlatforms) = preSolution
		Debug|Any CPU = Debug|Any CPU
		Release|Any CPU = Release|Any CPU
	EndGlobalSection
	GlobalSection(ProjectConfigurationPlatforms) = postSolution
		{597A1774-A1D9-405A-82E8-8E81A1C71CD8}.Debug|Any CPU.ActiveCfg = Debug|Any CPU
		{597A1774-A1D9-405A-82E8-8E81A1C71CD8}.Debug|Any CPU.Build.0 = Debug|Any CPU
		{597A1774-A1D9-405A-82E8-8E81A1C71CD8}.Release|Any CPU.ActiveCfg = Release|Any CPU
		{597A1774-A1D9-405A-82E8-8E81A1C71CD8}.Release|Any CPU.Build.0 = Release|Any CPU
	EndGlobalSection
	GlobalSection(SolutionProperties) = preSolution
		HideSolutionNode = FALSE
	EndGlobalSection
	GlobalSection(ExtensibilityGlobals) = postSolution
		SolutionGuid = {134FE4D5-F480-4F25-A9B5-AB96FF9AD0B5}
	EndGlobalSection
EndGlobal
